version = 1
revision = 1
requires-python = "==3.12.*"

[[package]]
name = "annotated-types"
version = "0.7.0"
source = { registry = "https://pypi.org/simple" }
sdist = { url = "https://files.pythonhosted.org/packages/ee/67/531ea369ba64dcff5ec9c3402f9f51bf748cec26dde048a2f973a4eea7f5/annotated_types-0.7.0.tar.gz", hash = "sha256:aff07c09a53a08bc8cfccb9c85b05f1aa9a2a6f23728d790723543408344ce89", size = 16081 }
wheels = [
    { url = "https://files.pythonhosted.org/packages/78/b6/6307fbef88d9b5ee7421e68d78a9f162e0da4900bc5f5793f6d3d0e34fb8/annotated_types-0.7.0-py3-none-any.whl", hash = "sha256:1f02e8b43a8fbbc3f3e0d4f0f4bfc8131bcb4eebe8849b8e5c773f3a1c582a53", size = 13643 },
]

[[package]]
name = "anyio"
version = "4.9.0"
source = { registry = "https://pypi.org/simple" }
dependencies = [
    { name = "idna" },
    { name = "sniffio" },
    { name = "typing-extensions" },
]
sdist = { url = "https://files.pythonhosted.org/packages/95/7d/4c1bd541d4dffa1b52bd83fb8527089e097a106fc90b467a7313b105f840/anyio-4.9.0.tar.gz", hash = "sha256:673c0c244e15788651a4ff38710fea9675823028a6f08a5eda409e0c9840a028", size = 190949 }
wheels = [
    { url = "https://files.pythonhosted.org/packages/a1/ee/48ca1a7c89ffec8b6a0c5d02b89c305671d5ffd8d3c94acf8b8c408575bb/anyio-4.9.0-py3-none-any.whl", hash = "sha256:9f76d541cad6e36af7beb62e978876f3b41e3e04f2c1fbf0884604c0a9c4d93c", size = 100916 },
]

[[package]]
name = "certifi"
version = "2025.4.26"
source = { registry = "https://pypi.org/simple" }
sdist = { url = "https://files.pythonhosted.org/packages/e8/9e/c05b3920a3b7d20d3d3310465f50348e5b3694f4f88c6daf736eef3024c4/certifi-2025.4.26.tar.gz", hash = "sha256:0a816057ea3cdefcef70270d2c515e4506bbc954f417fa5ade2021213bb8f0c6", size = 160705 }
wheels = [
    { url = "https://files.pythonhosted.org/packages/4a/7e/3db2bd1b1f9e95f7cddca6d6e75e2f2bd9f51b1246e546d88addca0106bd/certifi-2025.4.26-py3-none-any.whl", hash = "sha256:30350364dfe371162649852c63336a15c70c6510c2ad5015b21c2345311805f3", size = 159618 },
]

[[package]]
name = "click"
version = "8.1.8"
source = { registry = "https://pypi.org/simple" }
dependencies = [
    { name = "colorama", marker = "sys_platform == 'win32'" },
]
sdist = { url = "https://files.pythonhosted.org/packages/b9/2e/0090cbf739cee7d23781ad4b89a9894a41538e4fcf4c31dcdd705b78eb8b/click-8.1.8.tar.gz", hash = "sha256:ed53c9d8990d83c2a27deae68e4ee337473f6330c040a31d4225c9574d16096a", size = 226593 }
wheels = [
    { url = "https://files.pythonhosted.org/packages/7e/d4/7ebdbd03970677812aac39c869717059dbb71a4cfc033ca6e5221787892c/click-8.1.8-py3-none-any.whl", hash = "sha256:63c132bbbed01578a06712a2d1f497bb62d9c1c0d329b7903a866228027263b2", size = 98188 },
]

[[package]]
name = "colorama"
version = "0.4.6"
source = { registry = "https://pypi.org/simple" }
sdist = { url = "https://files.pythonhosted.org/packages/d8/53/6f443c9a4a8358a93a6792e2acffb9d9d5cb0a5cfd8802644b7b1c9a02e4/colorama-0.4.6.tar.gz", hash = "sha256:08695f5cb7ed6e0531a20572697297273c47b8cae5a63ffc6d6ed5c201be6e44", size = 27697 }
wheels = [
    { url = "https://files.pythonhosted.org/packages/d1/d6/3965ed04c63042e047cb6a3e6ed1a63a35087b6a609aa3a15ed8ac56c221/colorama-0.4.6-py2.py3-none-any.whl", hash = "sha256:4f1d9991f5acc0ca119f9d443620b77f9d6b33703e51011c16baf57afb285fc6", size = 25335 },
]

[[package]]
name = "h11"
version = "0.16.0"
source = { registry = "https://pypi.org/simple" }
sdist = { url = "https://files.pythonhosted.org/packages/01/ee/02a2c011bdab74c6fb3c75474d40b3052059d95df7e73351460c8588d963/h11-0.16.0.tar.gz", hash = "sha256:4e35b956cf45792e4caa5885e69fba00bdbc6ffafbfa020300e549b208ee5ff1", size = 101250 }
wheels = [
    { url = "https://files.pythonhosted.org/packages/04/4b/29cac41a4d98d144bf5f6d33995617b185d14b22401f75ca86f384e87ff1/h11-0.16.0-py3-none-any.whl", hash = "sha256:63cf8bbe7522de3bf65932fda1d9c2772064ffb3dae62d55932da54b31cb6c86", size = 37515 },
]

[[package]]
name = "httpcore"
version = "1.0.9"
source = { registry = "https://pypi.org/simple" }
dependencies = [
    { name = "certifi" },
    { name = "h11" },
]
sdist = { url = "https://files.pythonhosted.org/packages/06/94/82699a10bca87a5556c9c59b5963f2d039dbd239f25bc2a63907a05a14cb/httpcore-1.0.9.tar.gz", hash = "sha256:6e34463af53fd2ab5d807f399a9b45ea31c3dfa2276f15a2c3f00afff6e176e8", size = 85484 }
wheels = [
    { url = "https://files.pythonhosted.org/packages/7e/f5/f66802a942d491edb555dd61e3a9961140fd64c90bce1eafd741609d334d/httpcore-1.0.9-py3-none-any.whl", hash = "sha256:2d400746a40668fc9dec9810239072b40b4484b640a8c38fd654a024c7a1bf55", size = 78784 },
]

[[package]]
name = "httpx"
version = "0.28.1"
source = { registry = "https://pypi.org/simple" }
dependencies = [
    { name = "anyio" },
    { name = "certifi" },
    { name = "httpcore" },
    { name = "idna" },
]
sdist = { url = "https://files.pythonhosted.org/packages/b1/df/48c586a5fe32a0f01324ee087459e112ebb7224f646c0b5023f5e79e9956/httpx-0.28.1.tar.gz", hash = "sha256:75e98c5f16b0f35b567856f597f06ff2270a374470a5c2392242528e3e3e42fc", size = 141406 }
wheels = [
    { url = "https://files.pythonhosted.org/packages/2a/39/e50c7c3a983047577ee07d2a9e53faf5a69493943ec3f6a384bdc792deb2/httpx-0.28.1-py3-none-any.whl", hash = "sha256:d909fcccc110f8c7faf814ca82a9a4d816bc5a6dbfea25d6591d6985b8ba59ad", size = 73517 },
]

[[package]]
name = "httpx-sse"
version = "0.4.0"
source = { registry = "https://pypi.org/simple" }
sdist = { url = "https://files.pythonhosted.org/packages/4c/60/8f4281fa9bbf3c8034fd54c0e7412e66edbab6bc74c4996bd616f8d0406e/httpx-sse-0.4.0.tar.gz", hash = "sha256:1e81a3a3070ce322add1d3529ed42eb5f70817f45ed6ec915ab753f961139721", size = 12624 }
wheels = [
    { url = "https://files.pythonhosted.org/packages/e1/9b/a181f281f65d776426002f330c31849b86b31fc9d848db62e16f03ff739f/httpx_sse-0.4.0-py3-none-any.whl", hash = "sha256:f329af6eae57eaa2bdfd962b42524764af68075ea87370a2de920af5341e318f", size = 7819 },
]

[[package]]
name = "idna"
version = "3.10"
source = { registry = "https://pypi.org/simple" }
sdist = { url = "https://files.pythonhosted.org/packages/f1/70/7703c29685631f5a7590aa73f1f1d3fa9a380e654b86af429e0934a32f7d/idna-3.10.tar.gz", hash = "sha256:12f65c9b470abda6dc35cf8e63cc574b1c52b11df2c86030af0ac09b01b13ea9", size = 190490 }
wheels = [
    { url = "https://files.pythonhosted.org/packages/76/c6/c88e154df9c4e1a2a66ccf0005a88dfb2650c1dffb6f5ce603dfbd452ce3/idna-3.10-py3-none-any.whl", hash = "sha256:946d195a0d259cbba61165e88e65941f16e9b36ea6ddb97f00452bae8b1287d3", size = 70442 },
]

[[package]]
name = "mcp"
version = "1.6.0"
source = { registry = "https://pypi.org/simple" }
dependencies = [
    { name = "anyio" },
    { name = "httpx" },
    { name = "httpx-sse" },
    { name = "pydantic" },
    { name = "pydantic-settings" },
    { name = "sse-starlette" },
    { name = "starlette" },
    { name = "uvicorn" },
]
sdist = { url = "https://files.pythonhosted.org/packages/95/d2/f587cb965a56e992634bebc8611c5b579af912b74e04eb9164bd49527d21/mcp-1.6.0.tar.gz", hash = "sha256:d9324876de2c5637369f43161cd71eebfd803df5a95e46225cab8d280e366723", size = 200031 }
wheels = [
    { url = "https://files.pythonhosted.org/packages/10/30/20a7f33b0b884a9d14dd3aa94ff1ac9da1479fe2ad66dd9e2736075d2506/mcp-1.6.0-py3-none-any.whl", hash = "sha256:7bd24c6ea042dbec44c754f100984d186620d8b841ec30f1b19eda9b93a634d0", size = 76077 },
]

[[package]]
name = "mcpgw-mcp-server"
version = "0.1.0"
source = { virtual = "." }
dependencies = [
    { name = "httpx" },
    { name = "mcp" },
    { name = "pydantic" },
    { name = "python-dotenv" },
    { name = "websockets" },
]

[package.metadata]
requires-dist = [
    { name = "httpx", specifier = ">=0.27.0" },
    { name = "mcp", specifier = ">=1.6.0" },
    { name = "pydantic", specifier = ">=2.11.3" },
    { name = "python-dotenv", specifier = ">=1.0.0" },
    { name = "websockets", specifier = ">=15.0.1" },
]

[[package]]
name = "pydantic"
version = "2.11.3"
source = { registry = "https://pypi.org/simple" }
dependencies = [
    { name = "annotated-types" },
    { name = "pydantic-core" },
    { name = "typing-extensions" },
    { name = "typing-inspection" },
]
sdist = { url = "https://files.pythonhosted.org/packages/10/2e/ca897f093ee6c5f3b0bee123ee4465c50e75431c3d5b6a3b44a47134e891/pydantic-2.11.3.tar.gz", hash = "sha256:7471657138c16adad9322fe3070c0116dd6c3ad8d649300e3cbdfe91f4db4ec3", size = 785513 }
wheels = [
    { url = "https://files.pythonhosted.org/packages/b0/1d/407b29780a289868ed696d1616f4aad49d6388e5a77f567dcd2629dcd7b8/pydantic-2.11.3-py3-none-any.whl", hash = "sha256:a082753436a07f9ba1289c6ffa01cd93db3548776088aa917cc43b63f68fa60f", size = 443591 },
]

[[package]]
name = "pydantic-core"
version = "2.33.1"
source = { registry = "https://pypi.org/simple" }
dependencies = [
    { name = "typing-extensions" },
]
sdist = { url = "https://files.pythonhosted.org/packages/17/19/ed6a078a5287aea7922de6841ef4c06157931622c89c2a47940837b5eecd/pydantic_core-2.33.1.tar.gz", hash = "sha256:bcc9c6fdb0ced789245b02b7d6603e17d1563064ddcfc36f046b61c0c05dd9df", size = 434395 }
wheels = [
    { url = "https://files.pythonhosted.org/packages/c8/ce/3cb22b07c29938f97ff5f5bb27521f95e2ebec399b882392deb68d6c440e/pydantic_core-2.33.1-cp312-cp312-macosx_10_12_x86_64.whl", hash = "sha256:1293d7febb995e9d3ec3ea09caf1a26214eec45b0f29f6074abb004723fc1de8", size = 2026640 },
    { url = "https://files.pythonhosted.org/packages/19/78/f381d643b12378fee782a72126ec5d793081ef03791c28a0fd542a5bee64/pydantic_core-2.33.1-cp312-cp312-macosx_11_0_arm64.whl", hash = "sha256:99b56acd433386c8f20be5c4000786d1e7ca0523c8eefc995d14d79c7a081498", size = 1852649 },
    { url = "https://files.pythonhosted.org/packages/9d/2b/98a37b80b15aac9eb2c6cfc6dbd35e5058a352891c5cce3a8472d77665a6/pydantic_core-2.33.1-cp312-cp312-manylinux_2_17_aarch64.manylinux2014_aarch64.whl", hash = "sha256:35a5ec3fa8c2fe6c53e1b2ccc2454398f95d5393ab398478f53e1afbbeb4d939", size = 1892472 },
    { url = "https://files.pythonhosted.org/packages/4e/d4/3c59514e0f55a161004792b9ff3039da52448f43f5834f905abef9db6e4a/pydantic_core-2.33.1-cp312-cp312-manylinux_2_17_armv7l.manylinux2014_armv7l.whl", hash = "sha256:b172f7b9d2f3abc0efd12e3386f7e48b576ef309544ac3a63e5e9cdd2e24585d", size = 1977509 },
    { url = "https://files.pythonhosted.org/packages/a9/b6/c2c7946ef70576f79a25db59a576bce088bdc5952d1b93c9789b091df716/pydantic_core-2.33.1-cp312-cp312-manylinux_2_17_ppc64le.manylinux2014_ppc64le.whl", hash = "sha256:9097b9f17f91eea659b9ec58148c0747ec354a42f7389b9d50701610d86f812e", size = 2128702 },
    { url = "https://files.pythonhosted.org/packages/88/fe/65a880f81e3f2a974312b61f82a03d85528f89a010ce21ad92f109d94deb/pydantic_core-2.33.1-cp312-cp312-manylinux_2_17_s390x.manylinux2014_s390x.whl", hash = "sha256:cc77ec5b7e2118b152b0d886c7514a4653bcb58c6b1d760134a9fab915f777b3", size = 2679428 },
    { url = "https://files.pythonhosted.org/packages/6f/ff/4459e4146afd0462fb483bb98aa2436d69c484737feaceba1341615fb0ac/pydantic_core-2.33.1-cp312-cp312-manylinux_2_17_x86_64.manylinux2014_x86_64.whl", hash = "sha256:d5e3d15245b08fa4a84cefc6c9222e6f37c98111c8679fbd94aa145f9a0ae23d", size = 2008753 },
    { url = "https://files.pythonhosted.org/packages/7c/76/1c42e384e8d78452ededac8b583fe2550c84abfef83a0552e0e7478ccbc3/pydantic_core-2.33.1-cp312-cp312-manylinux_2_5_i686.manylinux1_i686.whl", hash = "sha256:ef99779001d7ac2e2461d8ab55d3373fe7315caefdbecd8ced75304ae5a6fc6b", size = 2114849 },
    { url = "https://files.pythonhosted.org/packages/00/72/7d0cf05095c15f7ffe0eb78914b166d591c0eed72f294da68378da205101/pydantic_core-2.33.1-cp312-cp312-musllinux_1_1_aarch64.whl", hash = "sha256:fc6bf8869e193855e8d91d91f6bf59699a5cdfaa47a404e278e776dd7f168b39", size = 2069541 },
    { url = "https://files.pythonhosted.org/packages/b3/69/94a514066bb7d8be499aa764926937409d2389c09be0b5107a970286ef81/pydantic_core-2.33.1-cp312-cp312-musllinux_1_1_armv7l.whl", hash = "sha256:b1caa0bc2741b043db7823843e1bde8aaa58a55a58fda06083b0569f8b45693a", size = 2239225 },
    { url = "https://files.pythonhosted.org/packages/84/b0/e390071eadb44b41f4f54c3cef64d8bf5f9612c92686c9299eaa09e267e2/pydantic_core-2.33.1-cp312-cp312-musllinux_1_1_x86_64.whl", hash = "sha256:ec259f62538e8bf364903a7d0d0239447059f9434b284f5536e8402b7dd198db", size = 2248373 },
    { url = "https://files.pythonhosted.org/packages/d6/b2/288b3579ffc07e92af66e2f1a11be3b056fe1214aab314748461f21a31c3/pydantic_core-2.33.1-cp312-cp312-win32.whl", hash = "sha256:e14f369c98a7c15772b9da98987f58e2b509a93235582838bd0d1d8c08b68fda", size = 1907034 },
    { url = "https://files.pythonhosted.org/packages/02/28/58442ad1c22b5b6742b992ba9518420235adced665513868f99a1c2638a5/pydantic_core-2.33.1-cp312-cp312-win_amd64.whl", hash = "sha256:1c607801d85e2e123357b3893f82c97a42856192997b95b4d8325deb1cd0c5f4", size = 1956848 },
    { url = "https://files.pythonhosted.org/packages/a1/eb/f54809b51c7e2a1d9f439f158b8dd94359321abcc98767e16fc48ae5a77e/pydantic_core-2.33.1-cp312-cp312-win_arm64.whl", hash = "sha256:8d13f0276806ee722e70a1c93da19748594f19ac4299c7e41237fc791d1861ea", size = 1903986 },
]

[[package]]
name = "pydantic-settings"
version = "2.9.1"
source = { registry = "https://pypi.org/simple" }
dependencies = [
    { name = "pydantic" },
    { name = "python-dotenv" },
    { name = "typing-inspection" },
]
sdist = { url = "https://files.pythonhosted.org/packages/67/1d/42628a2c33e93f8e9acbde0d5d735fa0850f3e6a2f8cb1eb6c40b9a732ac/pydantic_settings-2.9.1.tar.gz", hash = "sha256:c509bf79d27563add44e8446233359004ed85066cd096d8b510f715e6ef5d268", size = 163234 }
wheels = [
    { url = "https://files.pythonhosted.org/packages/b6/5f/d6d641b490fd3ec2c4c13b4244d68deea3a1b970a97be64f34fb5504ff72/pydantic_settings-2.9.1-py3-none-any.whl", hash = "sha256:59b4f431b1defb26fe620c71a7d3968a710d719f5f4cdbbdb7926edeb770f6ef", size = 44356 },
]

[[package]]
name = "python-dotenv"
version = "1.1.0"
source = { registry = "https://pypi.org/simple" }
sdist = { url = "https://files.pythonhosted.org/packages/88/2c/7bb1416c5620485aa793f2de31d3df393d3686aa8a8506d11e10e13c5baf/python_dotenv-1.1.0.tar.gz", hash = "sha256:41f90bc6f5f177fb41f53e87666db362025010eb28f60a01c9143bfa33a2b2d5", size = 39920 }
wheels = [
    { url = "https://files.pythonhosted.org/packages/1e/18/98a99ad95133c6a6e2005fe89faedf294a748bd5dc803008059409ac9b1e/python_dotenv-1.1.0-py3-none-any.whl", hash = "sha256:d7c01d9e2293916c18baf562d95698754b0dbbb5e74d457c45d4f6561fb9d55d", size = 20256 },
]

[[package]]
name = "sniffio"
version = "1.3.1"
source = { registry = "https://pypi.org/simple" }
sdist = { url = "https://files.pythonhosted.org/packages/a2/87/a6771e1546d97e7e041b6ae58d80074f81b7d5121207425c964ddf5cfdbd/sniffio-1.3.1.tar.gz", hash = "sha256:f4324edc670a0f49750a81b895f35c3adb843cca46f0530f79fc1babb23789dc", size = 20372 }
wheels = [
    { url = "https://files.pythonhosted.org/packages/e9/44/75a9c9421471a6c4805dbf2356f7c181a29c1879239abab1ea2cc8f38b40/sniffio-1.3.1-py3-none-any.whl", hash = "sha256:2f6da418d1f1e0fddd844478f41680e794e6051915791a034ff65e5f100525a2", size = 10235 },
]

[[package]]
name = "sse-starlette"
version = "2.3.3"
source = { registry = "https://pypi.org/simple" }
dependencies = [
    { name = "anyio" },
    { name = "starlette" },
]
sdist = { url = "https://files.pythonhosted.org/packages/86/35/7d8d94eb0474352d55f60f80ebc30f7e59441a29e18886a6425f0bccd0d3/sse_starlette-2.3.3.tar.gz", hash = "sha256:fdd47c254aad42907cfd5c5b83e2282be15be6c51197bf1a9b70b8e990522072", size = 17499 }
wheels = [
    { url = "https://files.pythonhosted.org/packages/5d/20/52fdb5ebb158294b0adb5662235dd396fc7e47aa31c293978d8d8942095a/sse_starlette-2.3.3-py3-none-any.whl", hash = "sha256:8b0a0ced04a329ff7341b01007580dd8cf71331cc21c0ccea677d500618da1e0", size = 10235 },
]

[[package]]
name = "starlette"
version = "0.46.2"
source = { registry = "https://pypi.org/simple" }
dependencies = [
    { name = "anyio" },
]
sdist = { url = "https://files.pythonhosted.org/packages/ce/20/08dfcd9c983f6a6f4a1000d934b9e6d626cff8d2eeb77a89a68eef20a2b7/starlette-0.46.2.tar.gz", hash = "sha256:7f7361f34eed179294600af672f565727419830b54b7b084efe44bb82d2fccd5", size = 2580846 }
wheels = [
    { url = "https://files.pythonhosted.org/packages/8b/0c/9d30a4ebeb6db2b25a841afbb80f6ef9a854fc3b41be131d249a977b4959/starlette-0.46.2-py3-none-any.whl", hash = "sha256:595633ce89f8ffa71a015caed34a5b2dc1c0cdb3f0f1fbd1e69339cf2abeec35", size = 72037 },
]

[[package]]
name = "typing-extensions"
version = "4.13.2"
source = { registry = "https://pypi.org/simple" }
sdist = { url = "https://files.pythonhosted.org/packages/f6/37/23083fcd6e35492953e8d2aaaa68b860eb422b34627b13f2ce3eb6106061/typing_extensions-4.13.2.tar.gz", hash = "sha256:e6c81219bd689f51865d9e372991c540bda33a0379d5573cddb9a3a23f7caaef", size = 106967 }
wheels = [
    { url = "https://files.pythonhosted.org/packages/8b/54/b1ae86c0973cc6f0210b53d508ca3641fb6d0c56823f288d108bc7ab3cc8/typing_extensions-4.13.2-py3-none-any.whl", hash = "sha256:a439e7c04b49fec3e5d3e2beaa21755cadbbdc391694e28ccdd36ca4a1408f8c", size = 45806 },
]

[[package]]
name = "typing-inspection"
version = "0.4.0"
source = { registry = "https://pypi.org/simple" }
dependencies = [
    { name = "typing-extensions" },
]
sdist = { url = "https://files.pythonhosted.org/packages/82/5c/e6082df02e215b846b4b8c0b887a64d7d08ffaba30605502639d44c06b82/typing_inspection-0.4.0.tar.gz", hash = "sha256:9765c87de36671694a67904bf2c96e395be9c6439bb6c87b5142569dcdd65122", size = 76222 }
wheels = [
    { url = "https://files.pythonhosted.org/packages/31/08/aa4fdfb71f7de5176385bd9e90852eaf6b5d622735020ad600f2bab54385/typing_inspection-0.4.0-py3-none-any.whl", hash = "sha256:50e72559fcd2a6367a19f7a7e610e6afcb9fac940c650290eed893d61386832f", size = 14125 },
]

[[package]]
name = "uvicorn"
version = "0.34.2"
source = { registry = "https://pypi.org/simple" }
dependencies = [
    { name = "click" },
    { name = "h11" },
]
sdist = { url = "https://files.pythonhosted.org/packages/a6/ae/9bbb19b9e1c450cf9ecaef06463e40234d98d95bf572fab11b4f19ae5ded/uvicorn-0.34.2.tar.gz", hash = "sha256:0e929828f6186353a80b58ea719861d2629d766293b6d19baf086ba31d4f3328", size = 76815 }
wheels = [
    { url = "https://files.pythonhosted.org/packages/b1/4b/4cef6ce21a2aaca9d852a6e84ef4f135d99fcd74fa75105e2fc0c8308acd/uvicorn-0.34.2-py3-none-any.whl", hash = "sha256:deb49af569084536d269fe0a6d67e3754f104cf03aba7c11c40f01aadf33c403", size = 62483 },
]

[[package]]
name = "websockets"
version = "15.0.1"
source = { registry = "https://pypi.org/simple" }
sdist = { url = "https://files.pythonhosted.org/packages/21/e6/26d09fab466b7ca9c7737474c52be4f76a40301b08362eb2dbc19dcc16c1/websockets-15.0.1.tar.gz", hash = "sha256:82544de02076bafba038ce055ee6412d68da13ab47f0c60cab827346de828dee", size = 177016 }
wheels = [
    { url = "https://files.pythonhosted.org/packages/51/6b/4545a0d843594f5d0771e86463606a3988b5a09ca5123136f8a76580dd63/websockets-15.0.1-cp312-cp312-macosx_10_13_universal2.whl", hash = "sha256:3e90baa811a5d73f3ca0bcbf32064d663ed81318ab225ee4f427ad4e26e5aff3", size = 175437 },
    { url = "https://files.pythonhosted.org/packages/f4/71/809a0f5f6a06522af902e0f2ea2757f71ead94610010cf570ab5c98e99ed/websockets-15.0.1-cp312-cp312-macosx_10_13_x86_64.whl", hash = "sha256:592f1a9fe869c778694f0aa806ba0374e97648ab57936f092fd9d87f8bc03665", size = 173096 },
    { url = "https://files.pythonhosted.org/packages/3d/69/1a681dd6f02180916f116894181eab8b2e25b31e484c5d0eae637ec01f7c/websockets-15.0.1-cp312-cp312-macosx_11_0_arm64.whl", hash = "sha256:0701bc3cfcb9164d04a14b149fd74be7347a530ad3bbf15ab2c678a2cd3dd9a2", size = 173332 },
    { url = "https://files.pythonhosted.org/packages/a6/02/0073b3952f5bce97eafbb35757f8d0d54812b6174ed8dd952aa08429bcc3/websockets-15.0.1-cp312-cp312-manylinux_2_17_aarch64.manylinux2014_aarch64.whl", hash = "sha256:e8b56bdcdb4505c8078cb6c7157d9811a85790f2f2b3632c7d1462ab5783d215", size = 183152 },
    { url = "https://files.pythonhosted.org/packages/74/45/c205c8480eafd114b428284840da0b1be9ffd0e4f87338dc95dc6ff961a1/websockets-15.0.1-cp312-cp312-manylinux_2_5_i686.manylinux1_i686.manylinux_2_17_i686.manylinux2014_i686.whl", hash = "sha256:0af68c55afbd5f07986df82831c7bff04846928ea8d1fd7f30052638788bc9b5", size = 182096 },
    { url = "https://files.pythonhosted.org/packages/14/8f/aa61f528fba38578ec553c145857a181384c72b98156f858ca5c8e82d9d3/websockets-15.0.1-cp312-cp312-manylinux_2_5_x86_64.manylinux1_x86_64.manylinux_2_17_x86_64.manylinux2014_x86_64.whl", hash = "sha256:64dee438fed052b52e4f98f76c5790513235efaa1ef7f3f2192c392cd7c91b65", size = 182523 },
    { url = "https://files.pythonhosted.org/packages/ec/6d/0267396610add5bc0d0d3e77f546d4cd287200804fe02323797de77dbce9/websockets-15.0.1-cp312-cp312-musllinux_1_2_aarch64.whl", hash = "sha256:d5f6b181bb38171a8ad1d6aa58a67a6aa9d4b38d0f8c5f496b9e42561dfc62fe", size = 182790 },
    { url = "https://files.pythonhosted.org/packages/02/05/c68c5adbf679cf610ae2f74a9b871ae84564462955d991178f95a1ddb7dd/websockets-15.0.1-cp312-cp312-musllinux_1_2_i686.whl", hash = "sha256:5d54b09eba2bada6011aea5375542a157637b91029687eb4fdb2dab11059c1b4", size = 182165 },
    { url = "https://files.pythonhosted.org/packages/29/93/bb672df7b2f5faac89761cb5fa34f5cec45a4026c383a4b5761c6cea5c16/websockets-15.0.1-cp312-cp312-musllinux_1_2_x86_64.whl", hash = "sha256:3be571a8b5afed347da347bfcf27ba12b069d9d7f42cb8c7028b5e98bbb12597", size = 182160 },
    { url = "https://files.pythonhosted.org/packages/ff/83/de1f7709376dc3ca9b7eeb4b9a07b4526b14876b6d372a4dc62312bebee0/websockets-15.0.1-cp312-cp312-win32.whl", hash = "sha256:c338ffa0520bdb12fbc527265235639fb76e7bc7faafbb93f6ba80d9c06578a9", size = 176395 },
    { url = "https://files.pythonhosted.org/packages/7d/71/abf2ebc3bbfa40f391ce1428c7168fb20582d0ff57019b69ea20fa698043/websockets-15.0.1-cp312-cp312-win_amd64.whl", hash = "sha256:fcd5cf9e305d7b8338754470cf69cf81f420459dbae8a3b40cee57417f4614a7", size = 176841 },
    { url = "https://files.pythonhosted.org/packages/fa/a8/5b41e0da817d64113292ab1f8247140aac61cbf6cfd085d6a0fa77f4984f/websockets-15.0.1-py3-none-any.whl", hash = "sha256:f7a866fbc1e97b5c617ee4116daaa09b722101d4a3c170c787450ba409f9736f", size = 169743 },
]
